
Microsoft Visual Studio Solution File, Format Version 12.00
# Visual Studio Version 17
VisualStudioVersion = 17.10.35027.167
MinimumVisualStudioVersion = 10.0.40219.1
Project("{2150E333-8FDC-42A3-9474-1A3956D46DE8}") = "Services", "Services", "{3B39FB08-B177-4A36-897D-A0FC1BCF56E5}"
EndProject
Project("{2150E333-8FDC-42A3-9474-1A3956D46DE8}") = "Catalog", "Catalog", "{2829F120-EF6F-40C3-B478-88170A1E4DD6}"
EndProject
Project("{9A19103F-16F7-4668-BE54-9A1E7A4F7556}") = "MultiShop.Catalog", "Services\Catalog\MultiShop.Catalog\MultiShop.Catalog.csproj", "{811DF66A-ACA3-46EF-9858-6BE2C27F9577}"
EndProject
Project("{2150E333-8FDC-42A3-9474-1A3956D46DE8}") = "Discount", "Discount", "{506F74FB-14D4-420E-9C50-0D56C30942A1}"
EndProject
Project("{9A19103F-16F7-4668-BE54-9A1E7A4F7556}") = "MultiShop.Discount", "Services\Discount\MultiShop.Discount\MultiShop.Discount.csproj", "{39F04309-5406-40E3-8EB4-E53C64FE25CD}"
EndProject
Project("{2150E333-8FDC-42A3-9474-1A3956D46DE8}") = "Order", "Order", "{B16B53B7-3BD6-4C38-9C03-C4E6E4F6B8D2}"
EndProject
Project("{2150E333-8FDC-42A3-9474-1A3956D46DE8}") = "Core", "Core", "{437D28AF-08C9-45E9-AFF9-CEABC713E08C}"
EndProject
Project("{2150E333-8FDC-42A3-9474-1A3956D46DE8}") = "Presentation", "Presentation", "{1252F17F-90EA-4C9C-9F01-2D620BE23E7D}"
EndProject
Project("{9A19103F-16F7-4668-BE54-9A1E7A4F7556}") = "MultiShop.Order.Domain", "Services\Order\Core\MultiShop.Order.Domain\MultiShop.Order.Domain.csproj", "{9F16A53B-48FC-44AC-BCAF-0A2EE2436D6C}"
EndProject
Project("{9A19103F-16F7-4668-BE54-9A1E7A4F7556}") = "MultiShop.Order.Application", "Services\Order\Core\MultiShop.Order.Application\MultiShop.Order.Application.csproj", "{BF38AE0D-CA75-4C31-AF06-E04274799878}"
EndProject
Project("{2150E333-8FDC-42A3-9474-1A3956D46DE8}") = "Infrastructure", "Infrastructure", "{FEAC60E1-8C02-4BBD-AF83-92B2937BC36A}"
EndProject
Project("{9A19103F-16F7-4668-BE54-9A1E7A4F7556}") = "MultiShop.Order.Persistence", "Services\Order\Infrastructure\MultiShop.Order.Persistence\MultiShop.Order.Persistence.csproj", "{1BDFFFEE-17A0-4E0D-8591-630581D7987C}"
EndProject
Project("{9A19103F-16F7-4668-BE54-9A1E7A4F7556}") = "MultiShop.Order.WebApi", "Services\Order\Presentation\MultiShop.Order.WebApi\MultiShop.Order.WebApi.csproj", "{47DCC898-CC94-45FF-B0E2-AA4CB61C4162}"
EndProject
Project("{2150E333-8FDC-42A3-9474-1A3956D46DE8}") = "IdentityServer", "IdentityServer", "{55635E49-61AF-44D7-B503-B039F4C50715}"
EndProject
Project("{9A19103F-16F7-4668-BE54-9A1E7A4F7556}") = "MultiShop.IdentityServer", "IdentityServer\MultiShop.IdentityServer\MultiShop.IdentityServer.csproj", "{5DA8E561-4F4D-45D0-B368-C45A93689E59}"
EndProject
Project("{2150E333-8FDC-42A3-9474-1A3956D46DE8}") = "Requirements", "Requirements", "{2DDF09F5-8F28-4B53-84CF-8B65CAE39223}"
	ProjectSection(SolutionItems) = preProject
		PorteinerCmd.txt = PorteinerCmd.txt
	EndProjectSection
EndProject
Project("{2150E333-8FDC-42A3-9474-1A3956D46DE8}") = "Cargo", "Cargo", "{C0F625A6-A0AD-4112-86FD-710232C51802}"
EndProject
Project("{9A19103F-16F7-4668-BE54-9A1E7A4F7556}") = "MultiShop.Cargo.EntityLayer", "Services\Cargo\MultiShop.Cargo.EntityLayer\MultiShop.Cargo.EntityLayer.csproj", "{27D3A4B3-11E5-4678-98B5-9EFEE798AF65}"
EndProject
Project("{9A19103F-16F7-4668-BE54-9A1E7A4F7556}") = "MultiShop.Cargo.BusinessLayer", "Services\Cargo\MultiShop.Cargo.BusinessLayer\MultiShop.Cargo.BusinessLayer.csproj", "{46D34F2B-ABAA-42E4-B638-D0D888849DF8}"
EndProject
Project("{9A19103F-16F7-4668-BE54-9A1E7A4F7556}") = "MultiShop.Cargo.DataAccessLayer", "Services\Cargo\MultiShop.Cargo.DataAccessLayer\MultiShop.Cargo.DataAccessLayer.csproj", "{9BDA3041-72C3-49FC-8C90-2057B13EB664}"
EndProject
Project("{9A19103F-16F7-4668-BE54-9A1E7A4F7556}") = "MultiShop.Cargo.DtoLayer", "Services\Cargo\MultiShop.Cargo.DtoLayer\MultiShop.Cargo.DtoLayer.csproj", "{34A6024E-4F44-4F6A-9BCB-464D2A191C7B}"
EndProject
Project("{9A19103F-16F7-4668-BE54-9A1E7A4F7556}") = "MultiShop.Cargo.WebApi", "Services\Cargo\MultiShop.Cargo.WebApi\MultiShop.Cargo.WebApi.csproj", "{EAE06E05-E278-4C40-8CE1-F26D591156D0}"
EndProject
Project("{2150E333-8FDC-42A3-9474-1A3956D46DE8}") = "Basket", "Basket", "{AF0031C4-5B5B-4EEA-B16C-9F9CDF2E3141}"
EndProject
Project("{9A19103F-16F7-4668-BE54-9A1E7A4F7556}") = "MultiShop.Basket", "Services\Basket\MultiShop.Basket\MultiShop.Basket.csproj", "{BF72358F-24A4-44FE-A785-D378ABF1572F}"
EndProject
Project("{2150E333-8FDC-42A3-9474-1A3956D46DE8}") = "Frontends", "Frontends", "{FFEC254A-5913-48A7-9D20-653DB2365A88}"
EndProject
Project("{9A19103F-16F7-4668-BE54-9A1E7A4F7556}") = "MultiShop.WebUI", "Frontends\MultiShop.WebUI\MultiShop.WebUI.csproj", "{1F198042-3306-4284-BEF6-40CE2864BA1A}"
EndProject
Project("{FAE04EC0-301F-11D3-BF4B-00C04F79EFBC}") = "MultiShop.DtoLayer", "Frontends\MultiShop.DtoLayer\MultiShop.DtoLayer.csproj", "{B8A62341-DD10-449E-8275-071995736648}"
EndProject
Global
	GlobalSection(SolutionConfigurationPlatforms) = preSolution
		Debug|Any CPU = Debug|Any CPU
		Release|Any CPU = Release|Any CPU
	EndGlobalSection
	GlobalSection(ProjectConfigurationPlatforms) = postSolution
		{811DF66A-ACA3-46EF-9858-6BE2C27F9577}.Debug|Any CPU.ActiveCfg = Debug|Any CPU
		{811DF66A-ACA3-46EF-9858-6BE2C27F9577}.Debug|Any CPU.Build.0 = Debug|Any CPU
		{811DF66A-ACA3-46EF-9858-6BE2C27F9577}.Release|Any CPU.ActiveCfg = Release|Any CPU
		{811DF66A-ACA3-46EF-9858-6BE2C27F9577}.Release|Any CPU.Build.0 = Release|Any CPU
		{39F04309-5406-40E3-8EB4-E53C64FE25CD}.Debug|Any CPU.ActiveCfg = Debug|Any CPU
		{39F04309-5406-40E3-8EB4-E53C64FE25CD}.Debug|Any CPU.Build.0 = Debug|Any CPU
		{39F04309-5406-40E3-8EB4-E53C64FE25CD}.Release|Any CPU.ActiveCfg = Release|Any CPU
		{39F04309-5406-40E3-8EB4-E53C64FE25CD}.Release|Any CPU.Build.0 = Release|Any CPU
		{9F16A53B-48FC-44AC-BCAF-0A2EE2436D6C}.Debug|Any CPU.ActiveCfg = Debug|Any CPU
		{9F16A53B-48FC-44AC-BCAF-0A2EE2436D6C}.Debug|Any CPU.Build.0 = Debug|Any CPU
		{9F16A53B-48FC-44AC-BCAF-0A2EE2436D6C}.Release|Any CPU.ActiveCfg = Release|Any CPU
		{9F16A53B-48FC-44AC-BCAF-0A2EE2436D6C}.Release|Any CPU.Build.0 = Release|Any CPU
		{BF38AE0D-CA75-4C31-AF06-E04274799878}.Debug|Any CPU.ActiveCfg = Debug|Any CPU
		{BF38AE0D-CA75-4C31-AF06-E04274799878}.Debug|Any CPU.Build.0 = Debug|Any CPU
		{BF38AE0D-CA75-4C31-AF06-E04274799878}.Release|Any CPU.ActiveCfg = Release|Any CPU
		{BF38AE0D-CA75-4C31-AF06-E04274799878}.Release|Any CPU.Build.0 = Release|Any CPU
		{1BDFFFEE-17A0-4E0D-8591-630581D7987C}.Debug|Any CPU.ActiveCfg = Debug|Any CPU
		{1BDFFFEE-17A0-4E0D-8591-630581D7987C}.Debug|Any CPU.Build.0 = Debug|Any CPU
		{1BDFFFEE-17A0-4E0D-8591-630581D7987C}.Release|Any CPU.ActiveCfg = Release|Any CPU
		{1BDFFFEE-17A0-4E0D-8591-630581D7987C}.Release|Any CPU.Build.0 = Release|Any CPU
		{47DCC898-CC94-45FF-B0E2-AA4CB61C4162}.Debug|Any CPU.ActiveCfg = Debug|Any CPU
		{47DCC898-CC94-45FF-B0E2-AA4CB61C4162}.Debug|Any CPU.Build.0 = Debug|Any CPU
		{47DCC898-CC94-45FF-B0E2-AA4CB61C4162}.Release|Any CPU.ActiveCfg = Release|Any CPU
		{47DCC898-CC94-45FF-B0E2-AA4CB61C4162}.Release|Any CPU.Build.0 = Release|Any CPU
		{5DA8E561-4F4D-45D0-B368-C45A93689E59}.Debug|Any CPU.ActiveCfg = Debug|Any CPU
		{5DA8E561-4F4D-45D0-B368-C45A93689E59}.Debug|Any CPU.Build.0 = Debug|Any CPU
		{5DA8E561-4F4D-45D0-B368-C45A93689E59}.Release|Any CPU.ActiveCfg = Release|Any CPU
		{5DA8E561-4F4D-45D0-B368-C45A93689E59}.Release|Any CPU.Build.0 = Release|Any CPU
		{27D3A4B3-11E5-4678-98B5-9EFEE798AF65}.Debug|Any CPU.ActiveCfg = Debug|Any CPU
		{27D3A4B3-11E5-4678-98B5-9EFEE798AF65}.Debug|Any CPU.Build.0 = Debug|Any CPU
		{27D3A4B3-11E5-4678-98B5-9EFEE798AF65}.Release|Any CPU.ActiveCfg = Release|Any CPU
		{27D3A4B3-11E5-4678-98B5-9EFEE798AF65}.Release|Any CPU.Build.0 = Release|Any CPU
		{46D34F2B-ABAA-42E4-B638-D0D888849DF8}.Debug|Any CPU.ActiveCfg = Debug|Any CPU
		{46D34F2B-ABAA-42E4-B638-D0D888849DF8}.Debug|Any CPU.Build.0 = Debug|Any CPU
		{46D34F2B-ABAA-42E4-B638-D0D888849DF8}.Release|Any CPU.ActiveCfg = Release|Any CPU
		{46D34F2B-ABAA-42E4-B638-D0D888849DF8}.Release|Any CPU.Build.0 = Release|Any CPU
		{9BDA3041-72C3-49FC-8C90-2057B13EB664}.Debug|Any CPU.ActiveCfg = Debug|Any CPU
		{9BDA3041-72C3-49FC-8C90-2057B13EB664}.Debug|Any CPU.Build.0 = Debug|Any CPU
		{9BDA3041-72C3-49FC-8C90-2057B13EB664}.Release|Any CPU.ActiveCfg = Release|Any CPU
		{9BDA3041-72C3-49FC-8C90-2057B13EB664}.Release|Any CPU.Build.0 = Release|Any CPU
		{34A6024E-4F44-4F6A-9BCB-464D2A191C7B}.Debug|Any CPU.ActiveCfg = Debug|Any CPU
		{34A6024E-4F44-4F6A-9BCB-464D2A191C7B}.Debug|Any CPU.Build.0 = Debug|Any CPU
		{34A6024E-4F44-4F6A-9BCB-464D2A191C7B}.Release|Any CPU.ActiveCfg = Release|Any CPU
		{34A6024E-4F44-4F6A-9BCB-464D2A191C7B}.Release|Any CPU.Build.0 = Release|Any CPU
		{EAE06E05-E278-4C40-8CE1-F26D591156D0}.Debug|Any CPU.ActiveCfg = Debug|Any CPU
		{EAE06E05-E278-4C40-8CE1-F26D591156D0}.Debug|Any CPU.Build.0 = Debug|Any CPU
		{EAE06E05-E278-4C40-8CE1-F26D591156D0}.Release|Any CPU.ActiveCfg = Release|Any CPU
		{EAE06E05-E278-4C40-8CE1-F26D591156D0}.Release|Any CPU.Build.0 = Release|Any CPU
		{BF72358F-24A4-44FE-A785-D378ABF1572F}.Debug|Any CPU.ActiveCfg = Debug|Any CPU
		{BF72358F-24A4-44FE-A785-D378ABF1572F}.Debug|Any CPU.Build.0 = Debug|Any CPU
		{BF72358F-24A4-44FE-A785-D378ABF1572F}.Release|Any CPU.ActiveCfg = Release|Any CPU
		{BF72358F-24A4-44FE-A785-D378ABF1572F}.Release|Any CPU.Build.0 = Release|Any CPU
		{1F198042-3306-4284-BEF6-40CE2864BA1A}.Debug|Any CPU.ActiveCfg = Debug|Any CPU
		{1F198042-3306-4284-BEF6-40CE2864BA1A}.Debug|Any CPU.Build.0 = Debug|Any CPU
		{1F198042-3306-4284-BEF6-40CE2864BA1A}.Release|Any CPU.ActiveCfg = Release|Any CPU
		{1F198042-3306-4284-BEF6-40CE2864BA1A}.Release|Any CPU.Build.0 = Release|Any CPU
		{B8A62341-DD10-449E-8275-071995736648}.Debug|Any CPU.ActiveCfg = Debug|Any CPU
		{B8A62341-DD10-449E-8275-071995736648}.Debug|Any CPU.Build.0 = Debug|Any CPU
		{B8A62341-DD10-449E-8275-071995736648}.Release|Any CPU.ActiveCfg = Release|Any CPU
		{B8A62341-DD10-449E-8275-071995736648}.Release|Any CPU.Build.0 = Release|Any CPU
	EndGlobalSection
	GlobalSection(SolutionProperties) = preSolution
		HideSolutionNode = FALSE
	EndGlobalSection
	GlobalSection(NestedProjects) = preSolution
		{2829F120-EF6F-40C3-B478-88170A1E4DD6} = {3B39FB08-B177-4A36-897D-A0FC1BCF56E5}
		{811DF66A-ACA3-46EF-9858-6BE2C27F9577} = {2829F120-EF6F-40C3-B478-88170A1E4DD6}
		{506F74FB-14D4-420E-9C50-0D56C30942A1} = {3B39FB08-B177-4A36-897D-A0FC1BCF56E5}
		{39F04309-5406-40E3-8EB4-E53C64FE25CD} = {506F74FB-14D4-420E-9C50-0D56C30942A1}
		{B16B53B7-3BD6-4C38-9C03-C4E6E4F6B8D2} = {3B39FB08-B177-4A36-897D-A0FC1BCF56E5}
		{437D28AF-08C9-45E9-AFF9-CEABC713E08C} = {B16B53B7-3BD6-4C38-9C03-C4E6E4F6B8D2}
		{1252F17F-90EA-4C9C-9F01-2D620BE23E7D} = {B16B53B7-3BD6-4C38-9C03-C4E6E4F6B8D2}
		{9F16A53B-48FC-44AC-BCAF-0A2EE2436D6C} = {437D28AF-08C9-45E9-AFF9-CEABC713E08C}
		{BF38AE0D-CA75-4C31-AF06-E04274799878} = {437D28AF-08C9-45E9-AFF9-CEABC713E08C}
		{FEAC60E1-8C02-4BBD-AF83-92B2937BC36A} = {B16B53B7-3BD6-4C38-9C03-C4E6E4F6B8D2}
		{1BDFFFEE-17A0-4E0D-8591-630581D7987C} = {FEAC60E1-8C02-4BBD-AF83-92B2937BC36A}
		{47DCC898-CC94-45FF-B0E2-AA4CB61C4162} = {1252F17F-90EA-4C9C-9F01-2D620BE23E7D}
		{5DA8E561-4F4D-45D0-B368-C45A93689E59} = {55635E49-61AF-44D7-B503-B039F4C50715}
		{C0F625A6-A0AD-4112-86FD-710232C51802} = {3B39FB08-B177-4A36-897D-A0FC1BCF56E5}
		{27D3A4B3-11E5-4678-98B5-9EFEE798AF65} = {C0F625A6-A0AD-4112-86FD-710232C51802}
		{46D34F2B-ABAA-42E4-B638-D0D888849DF8} = {C0F625A6-A0AD-4112-86FD-710232C51802}
		{9BDA3041-72C3-49FC-8C90-2057B13EB664} = {C0F625A6-A0AD-4112-86FD-710232C51802}
		{34A6024E-4F44-4F6A-9BCB-464D2A191C7B} = {C0F625A6-A0AD-4112-86FD-710232C51802}
		{EAE06E05-E278-4C40-8CE1-F26D591156D0} = {C0F625A6-A0AD-4112-86FD-710232C51802}
		{AF0031C4-5B5B-4EEA-B16C-9F9CDF2E3141} = {3B39FB08-B177-4A36-897D-A0FC1BCF56E5}
		{BF72358F-24A4-44FE-A785-D378ABF1572F} = {AF0031C4-5B5B-4EEA-B16C-9F9CDF2E3141}
		{1F198042-3306-4284-BEF6-40CE2864BA1A} = {FFEC254A-5913-48A7-9D20-653DB2365A88}
		{B8A62341-DD10-449E-8275-071995736648} = {FFEC254A-5913-48A7-9D20-653DB2365A88}
	EndGlobalSection
	GlobalSection(ExtensibilityGlobals) = postSolution
		SolutionGuid = {031115A7-5B38-4AD0-AE3C-FA5BC0C4FE09}
	EndGlobalSection
EndGlobal
