
Microsoft Visual Studio Solution File, Format Version 12.00
# Visual Studio Version 17
VisualStudioVersion = 17.10.35027.167
MinimumVisualStudioVersion = 10.0.40219.1
Project("{2150E333-8FDC-42A3-9474-1A3956D46DE8}") = "Services", "Services", "{3B39FB08-B177-4A36-897D-A0FC1BCF56E5}"
EndProject
Project("{2150E333-8FDC-42A3-9474-1A3956D46DE8}") = "Catalog", "Catalog", "{2829F120-EF6F-40C3-B478-88170A1E4DD6}"
EndProject
Project("{9A19103F-16F7-4668-BE54-9A1E7A4F7556}") = "MultiShop.Catalog", "Services\Catalog\MultiShop.Catalog\MultiShop.Catalog.csproj", "{811DF66A-ACA3-46EF-9858-6BE2C27F9577}"
EndProject
Project("{2150E333-8FDC-42A3-9474-1A3956D46DE8}") = "Discount", "Discount", "{506F74FB-14D4-420E-9C50-0D56C30942A1}"
EndProject
Project("{9A19103F-16F7-4668-BE54-9A1E7A4F7556}") = "MultiShop.Discount", "Services\Discount\MultiShop.Discount\MultiShop.Discount.csproj", "{39F04309-5406-40E3-8EB4-E53C64FE25CD}"
EndProject
Project("{2150E333-8FDC-42A3-9474-1A3956D46DE8}") = "Order", "Order", "{B16B53B7-3BD6-4C38-9C03-C4E6E4F6B8D2}"
EndProject
Project("{2150E333-8FDC-42A3-9474-1A3956D46DE8}") = "Core", "Core", "{437D28AF-08C9-45E9-AFF9-CEABC713E08C}"
EndProject
Project("{2150E333-8FDC-42A3-9474-1A3956D46DE8}") = "Presentation", "Presentation", "{1252F17F-90EA-4C9C-9F01-2D620BE23E7D}"
EndProject
Project("{FAE04EC0-301F-11D3-BF4B-00C04F79EFBC}") = "MultiShop.Order.Domain", "Services\Order\Core\MultiShop.Order.Domain\MultiShop.Order.Domain.csproj", "{9F16A53B-48FC-44AC-BCAF-0A2EE2436D6C}"
EndProject
Project("{FAE04EC0-301F-11D3-BF4B-00C04F79EFBC}") = "MultiShop.Order.Application", "Services\Order\Core\MultiShop.Order.Application\MultiShop.Order.Application.csproj", "{BF38AE0D-CA75-4C31-AF06-E04274799878}"
EndProject
Project("{2150E333-8FDC-42A3-9474-1A3956D46DE8}") = "Infrastructure", "Infrastructure", "{FEAC60E1-8C02-4BBD-AF83-92B2937BC36A}"
EndProject
Project("{FAE04EC0-301F-11D3-BF4B-00C04F79EFBC}") = "MultiShop.Order.Persistence", "Services\Order\Infrastructure\MultiShop.Order.Persistence\MultiShop.Order.Persistence.csproj", "{1BDFFFEE-17A0-4E0D-8591-630581D7987C}"
EndProject
Project("{FAE04EC0-301F-11D3-BF4B-00C04F79EFBC}") = "MultiShop.Order.WebApi", "Services\Order\Presentation\MultiShop.Order.WebApi\MultiShop.Order.WebApi.csproj", "{47DCC898-CC94-45FF-B0E2-AA4CB61C4162}"
EndProject
Global
	GlobalSection(SolutionConfigurationPlatforms) = preSolution
		Debug|Any CPU = Debug|Any CPU
		Release|Any CPU = Release|Any CPU
	EndGlobalSection
	GlobalSection(ProjectConfigurationPlatforms) = postSolution
		{811DF66A-ACA3-46EF-9858-6BE2C27F9577}.Debug|Any CPU.ActiveCfg = Debug|Any CPU
		{811DF66A-ACA3-46EF-9858-6BE2C27F9577}.Debug|Any CPU.Build.0 = Debug|Any CPU
		{811DF66A-ACA3-46EF-9858-6BE2C27F9577}.Release|Any CPU.ActiveCfg = Release|Any CPU
		{811DF66A-ACA3-46EF-9858-6BE2C27F9577}.Release|Any CPU.Build.0 = Release|Any CPU
		{39F04309-5406-40E3-8EB4-E53C64FE25CD}.Debug|Any CPU.ActiveCfg = Debug|Any CPU
		{39F04309-5406-40E3-8EB4-E53C64FE25CD}.Debug|Any CPU.Build.0 = Debug|Any CPU
		{39F04309-5406-40E3-8EB4-E53C64FE25CD}.Release|Any CPU.ActiveCfg = Release|Any CPU
		{39F04309-5406-40E3-8EB4-E53C64FE25CD}.Release|Any CPU.Build.0 = Release|Any CPU
		{9F16A53B-48FC-44AC-BCAF-0A2EE2436D6C}.Debug|Any CPU.ActiveCfg = Debug|Any CPU
		{9F16A53B-48FC-44AC-BCAF-0A2EE2436D6C}.Debug|Any CPU.Build.0 = Debug|Any CPU
		{9F16A53B-48FC-44AC-BCAF-0A2EE2436D6C}.Release|Any CPU.ActiveCfg = Release|Any CPU
		{9F16A53B-48FC-44AC-BCAF-0A2EE2436D6C}.Release|Any CPU.Build.0 = Release|Any CPU
		{BF38AE0D-CA75-4C31-AF06-E04274799878}.Debug|Any CPU.ActiveCfg = Debug|Any CPU
		{BF38AE0D-CA75-4C31-AF06-E04274799878}.Debug|Any CPU.Build.0 = Debug|Any CPU
		{BF38AE0D-CA75-4C31-AF06-E04274799878}.Release|Any CPU.ActiveCfg = Release|Any CPU
		{BF38AE0D-CA75-4C31-AF06-E04274799878}.Release|Any CPU.Build.0 = Release|Any CPU
		{1BDFFFEE-17A0-4E0D-8591-630581D7987C}.Debug|Any CPU.ActiveCfg = Debug|Any CPU
		{1BDFFFEE-17A0-4E0D-8591-630581D7987C}.Debug|Any CPU.Build.0 = Debug|Any CPU
		{1BDFFFEE-17A0-4E0D-8591-630581D7987C}.Release|Any CPU.ActiveCfg = Release|Any CPU
		{1BDFFFEE-17A0-4E0D-8591-630581D7987C}.Release|Any CPU.Build.0 = Release|Any CPU
		{47DCC898-CC94-45FF-B0E2-AA4CB61C4162}.Debug|Any CPU.ActiveCfg = Debug|Any CPU
		{47DCC898-CC94-45FF-B0E2-AA4CB61C4162}.Debug|Any CPU.Build.0 = Debug|Any CPU
		{47DCC898-CC94-45FF-B0E2-AA4CB61C4162}.Release|Any CPU.ActiveCfg = Release|Any CPU
		{47DCC898-CC94-45FF-B0E2-AA4CB61C4162}.Release|Any CPU.Build.0 = Release|Any CPU
	EndGlobalSection
	GlobalSection(SolutionProperties) = preSolution
		HideSolutionNode = FALSE
	EndGlobalSection
	GlobalSection(NestedProjects) = preSolution
		{2829F120-EF6F-40C3-B478-88170A1E4DD6} = {3B39FB08-B177-4A36-897D-A0FC1BCF56E5}
		{811DF66A-ACA3-46EF-9858-6BE2C27F9577} = {2829F120-EF6F-40C3-B478-88170A1E4DD6}
		{506F74FB-14D4-420E-9C50-0D56C30942A1} = {3B39FB08-B177-4A36-897D-A0FC1BCF56E5}
		{39F04309-5406-40E3-8EB4-E53C64FE25CD} = {506F74FB-14D4-420E-9C50-0D56C30942A1}
		{B16B53B7-3BD6-4C38-9C03-C4E6E4F6B8D2} = {3B39FB08-B177-4A36-897D-A0FC1BCF56E5}
		{437D28AF-08C9-45E9-AFF9-CEABC713E08C} = {B16B53B7-3BD6-4C38-9C03-C4E6E4F6B8D2}
		{1252F17F-90EA-4C9C-9F01-2D620BE23E7D} = {B16B53B7-3BD6-4C38-9C03-C4E6E4F6B8D2}
		{9F16A53B-48FC-44AC-BCAF-0A2EE2436D6C} = {437D28AF-08C9-45E9-AFF9-CEABC713E08C}
		{BF38AE0D-CA75-4C31-AF06-E04274799878} = {437D28AF-08C9-45E9-AFF9-CEABC713E08C}
		{FEAC60E1-8C02-4BBD-AF83-92B2937BC36A} = {B16B53B7-3BD6-4C38-9C03-C4E6E4F6B8D2}
		{1BDFFFEE-17A0-4E0D-8591-630581D7987C} = {FEAC60E1-8C02-4BBD-AF83-92B2937BC36A}
		{47DCC898-CC94-45FF-B0E2-AA4CB61C4162} = {1252F17F-90EA-4C9C-9F01-2D620BE23E7D}
	EndGlobalSection
	GlobalSection(ExtensibilityGlobals) = postSolution
		SolutionGuid = {031115A7-5B38-4AD0-AE3C-FA5BC0C4FE09}
	EndGlobalSection
EndGlobal
